
Microsoft Visual Studio Solution File, Format Version 12.00
# Visual Studio Version 17
VisualStudioVersion = 17.8.34525.116
MinimumVisualStudioVersion = 10.0.40219.1
Project("{9A19103F-16F7-4668-BE54-9A1E7A4F7556}") = "BatchPay", "BatchPay.csproj", "{AFA10DEE-11DA-4EE7-AF92-B669060AE831}"
EndProject
Project("{9A19103F-16F7-4668-BE54-9A1E7A4F7556}") = "Data", "..\Data\Data.csproj", "{A3DBDBC6-36FB-4279-B4C9-7E4FB88DD1A3}"
EndProject
Project("{9A19103F-16F7-4668-BE54-9A1E7A4F7556}") = "BatchPay.Api", "..\BatchPay.Api\BatchPay.Api.csproj", "{3AD4211F-1C9E-47BB-922C-CF4B7477311B}"
EndProject
Global
	GlobalSection(SolutionConfigurationPlatforms) = preSolution
		Debug|Any CPU = Debug|Any CPU
		Release|Any CPU = Release|Any CPU
	EndGlobalSection
	GlobalSection(ProjectConfigurationPlatforms) = postSolution
		{AFA10DEE-11DA-4EE7-AF92-B669060AE831}.Debug|Any CPU.ActiveCfg = Debug|Any CPU
		{AFA10DEE-11DA-4EE7-AF92-B669060AE831}.Debug|Any CPU.Build.0 = Debug|Any CPU
		{AFA10DEE-11DA-4EE7-AF92-B669060AE831}.Debug|Any CPU.Deploy.0 = Debug|Any CPU
		{AFA10DEE-11DA-4EE7-AF92-B669060AE831}.Release|Any CPU.ActiveCfg = Release|Any CPU
		{AFA10DEE-11DA-4EE7-AF92-B669060AE831}.Release|Any CPU.Build.0 = Release|Any CPU
		{AFA10DEE-11DA-4EE7-AF92-B669060AE831}.Release|Any CPU.Deploy.0 = Release|Any CPU
		{A3DBDBC6-36FB-4279-B4C9-7E4FB88DD1A3}.Debug|Any CPU.ActiveCfg = Debug|Any CPU
		{A3DBDBC6-36FB-4279-B4C9-7E4FB88DD1A3}.Debug|Any CPU.Build.0 = Debug|Any CPU
		{A3DBDBC6-36FB-4279-B4C9-7E4FB88DD1A3}.Release|Any CPU.ActiveCfg = Release|Any CPU
		{A3DBDBC6-36FB-4279-B4C9-7E4FB88DD1A3}.Release|Any CPU.Build.0 = Release|Any CPU
		{3AD4211F-1C9E-47BB-922C-CF4B7477311B}.Debug|Any CPU.ActiveCfg = Debug|Any CPU
		{3AD4211F-1C9E-47BB-922C-CF4B7477311B}.Debug|Any CPU.Build.0 = Debug|Any CPU
		{3AD4211F-1C9E-47BB-922C-CF4B7477311B}.Release|Any CPU.ActiveCfg = Release|Any CPU
		{3AD4211F-1C9E-47BB-922C-CF4B7477311B}.Release|Any CPU.Build.0 = Release|Any CPU
	EndGlobalSection
	GlobalSection(SolutionProperties) = preSolution
		HideSolutionNode = FALSE
	EndGlobalSection
	GlobalSection(ExtensibilityGlobals) = postSolution
		SolutionGuid = {24E802FE-3AB6-4134-A84A-C29F5BDA620D}
	EndGlobalSection
EndGlobal
